{
	"name": "@chordia/i18n",
	"version": "0.1.0",
	"lockfileVersion": 3,
	"requires": true,
	"packages": {
		"": {
			"name": "@chordia/i18n",
			"version": "0.1.0",
			"license": "AGPL-3.0-or-later",
			"devDependencies": {
				"@crowdin/cli": "^5.0.0",
				"@formatjs/icu-messageformat-parser": "^3.5.15"
			}
		},
		"node_modules/@crowdin/cli": {
			"version": "5.0.0",
			"resolved": "https://registry.npmjs.org/@crowdin/cli/-/cli-5.0.0.tgz",
			"integrity": "sha512-/BwOABNAvqq7Enji6qkQdUDSd32/xGpSSNeCRHm/H3nXsS04m6kYZDGCsVQ73v0o1gryllTXmBTU7o2qRnY86Q==",
			"dev": true,
			"license": "MIT",
			"bin": {
				"crowdin": "bin/crowdin.js"
			},
			"engines": {
				"node": ">=20"
			},
			"optionalDependencies": {
				"@crowdin/cli-darwin-arm64": "5.0.0",
				"@crowdin/cli-darwin-x64": "5.0.0",
				"@crowdin/cli-linux-arm64": "5.0.0",
				"@crowdin/cli-linux-arm64-musl": "5.0.0",
				"@crowdin/cli-linux-x64": "5.0.0",
				"@crowdin/cli-linux-x64-musl": "5.0.0",
				"@crowdin/cli-win32-x64": "5.0.0"
			}
		},
		"node_modules/@crowdin/cli-darwin-arm64": {
			"version": "5.0.0",
			"resolved": "https://registry.npmjs.org/@crowdin/cli-darwin-arm64/-/cli-darwin-arm64-5.0.0.tgz",
			"integrity": "sha512-dwqlFb5587f90i25fvC6BSKQ8Kfx0be6elP5deBMb1YEzbvZXit2VEQWHlsyQpHjYprlDUzG5ChlLJb5TUikbg==",
			"cpu": [
				"arm64"
			],
			"dev": true,
			"license": "MIT",
			"optional": true,
			"os": [
				"darwin"
			]
		},
		"node_modules/@crowdin/cli-darwin-x64": {
			"version": "5.0.0",
			"resolved": "https://registry.npmjs.org/@crowdin/cli-darwin-x64/-/cli-darwin-x64-5.0.0.tgz",
			"integrity": "sha512-89eddmyBr48VWjn+o8tnbxjsQq6YicasUGcppRcmSDDn8WngolrYcnC8lXive1uIzg0p3fFLhf0pemhvUTgfPg==",
			"cpu": [
				"x64"
			],
			"dev": true,
			"license": "MIT",
			"optional": true,
			"os": [
				"darwin"
			]
		},
		"node_modules/@crowdin/cli-linux-arm64": {
			"version": "5.0.0",
			"resolved": "https://registry.npmjs.org/@crowdin/cli-linux-arm64/-/cli-linux-arm64-5.0.0.tgz",
			"integrity": "sha512-Axnk4uUOWEUXQ6C0C2dBKhyGu8BBz9P8A/L+q75br3Imy7aGe3mEsnOmzxNo8oaFXGvZP0ViVXKZ9RJ1TBYGVA==",
			"cpu": [
				"arm64"
			],
			"dev": true,
			"libc": [
				"glibc"
			],
			"license": "MIT",
			"optional": true,
			"os": [
				"linux"
			]
		},
		"node_modules/@crowdin/cli-linux-arm64-musl": {
			"version": "5.0.0",
			"resolved": "https://registry.npmjs.org/@crowdin/cli-linux-arm64-musl/-/cli-linux-arm64-musl-5.0.0.tgz",
			"integrity": "sha512-dXmf8KsqHawRbZsNTFIiDwbDS4ieBkKqL4lcFJ5u9Aa/Jbd4zXG98JGQH4lvUMozNLWHLMOn7eYDzdh/ymMhSg==",
			"cpu": [
				"arm64"
			],
			"dev": true,
			"libc": [
				"musl"
			],
			"license": "MIT",
			"optional": true,
			"os": [
				"linux"
			]
		},
		"node_modules/@crowdin/cli-linux-x64": {
			"version": "5.0.0",
			"resolved": "https://registry.npmjs.org/@crowdin/cli-linux-x64/-/cli-linux-x64-5.0.0.tgz",
			"integrity": "sha512-ej5j97cqezp7LTDDbhV7IAXDTMbvJTfmjSEcrlRFE4275+HFIGzgohnzlm52SbuBN4Sl2PqJDmkAbmHunHG91g==",
			"cpu": [
				"x64"
			],
			"dev": true,
			"libc": [
				"glibc"
			],
			"license": "MIT",
			"optional": true,
			"os": [
				"linux"
			]
		},
		"node_modules/@crowdin/cli-linux-x64-musl": {
			"version": "5.0.0",
			"resolved": "https://registry.npmjs.org/@crowdin/cli-linux-x64-musl/-/cli-linux-x64-musl-5.0.0.tgz",
			"integrity": "sha512-/t/6sMJs8gffY7Yc+jzTmIFFd/XAJP0XY5oMaBrTbmjy4suDJ0FwvmyEVxboPamcWagKrrzooDL0Y7TsXKPdOQ==",
			"cpu": [
				"x64"
			],
			"dev": true,
			"libc": [
				"musl"
			],
			"license": "MIT",
			"optional": true,
			"os": [
				"linux"
			]
		},
		"node_modules/@crowdin/cli-win32-x64": {
			"version": "5.0.0",
			"resolved": "https://registry.npmjs.org/@crowdin/cli-win32-x64/-/cli-win32-x64-5.0.0.tgz",
			"integrity": "sha512-VjWe8xCnnquHvMjxOE74fMI77mqetnxjh3So7OR/rub7/pOTP3aR6N9ek1xgSwCaOjOXYOSmZr+XYcHCJ5R+8g==",
			"cpu": [
				"x64"
			],
			"dev": true,
			"license": "MIT",
			"optional": true,
			"os": [
				"win32"
			]
		},
		"node_modules/@formatjs/icu-messageformat-parser": {
			"version": "3.5.17",
			"resolved": "https://registry.npmjs.org/@formatjs/icu-messageformat-parser/-/icu-messageformat-parser-3.5.17.tgz",
			"integrity": "sha512-cN9jhVqT7u0K9tix43fhjoUwL0nazyW6zsNIXs2QdPADr+nurPfYyssUiMqcSCGlPcCiqnYVxgSn7zBSuI+5Bg==",
			"dev": true,
			"license": "MIT",
			"dependencies": {
				"@formatjs/icu-skeleton-parser": "2.1.11"
			}
		},
		"node_modules/@formatjs/icu-skeleton-parser": {
			"version": "2.1.11",
			"resolved": "https://registry.npmjs.org/@formatjs/icu-skeleton-parser/-/icu-skeleton-parser-2.1.11.tgz",
			"integrity": "sha512-j8cUmOJzVgkHuS0QiQ6ga76UIoLOFSAMWhs7aZJztH3aAdCOAE6vpC8KVvFB4cU10ON0y2/5oOVmPJ43s2lTwA==",
			"dev": true,
			"license": "MIT"
		}
	}
}
