{
	"name": "@chordia/i18n",
	"version": "0.1.0",
	"lockfileVersion": 3,
	"requires": true,
	"packages": {
		"": {
			"name": "@chordia/i18n",
			"version": "0.1.0",
			"license": "AGPL-3.0-or-later",
			"devDependencies": {
				"@crowdin/cli": "^5.0.2",
				"@formatjs/icu-messageformat-parser": "^3.5.15"
			}
		},
		"node_modules/@crowdin/cli": {
			"version": "5.0.2",
			"resolved": "https://registry.npmjs.org/@crowdin/cli/-/cli-5.0.2.tgz",
			"integrity": "sha512-TBUGFCIzAexEvePLet8aBRUEicB1A8r+A3/3gz+4paVKEc86cHK2CtaNhbto1ptKMRPkgFGXq8Z3f/TaoF09Lw==",
			"dev": true,
			"license": "MIT",
			"bin": {
				"crowdin": "bin/crowdin.js"
			},
			"engines": {
				"node": ">=20"
			},
			"optionalDependencies": {
				"@crowdin/cli-darwin-arm64": "5.0.2",
				"@crowdin/cli-darwin-x64": "5.0.2",
				"@crowdin/cli-linux-arm64": "5.0.2",
				"@crowdin/cli-linux-arm64-musl": "5.0.2",
				"@crowdin/cli-linux-x64": "5.0.2",
				"@crowdin/cli-linux-x64-musl": "5.0.2",
				"@crowdin/cli-win32-x64": "5.0.2"
			}
		},
		"node_modules/@crowdin/cli-darwin-arm64": {
			"version": "5.0.2",
			"resolved": "https://registry.npmjs.org/@crowdin/cli-darwin-arm64/-/cli-darwin-arm64-5.0.2.tgz",
			"integrity": "sha512-gMNXyJYxkfgJF4cAXrss6mgkvPoFOkwRi4PO/93+wlOMTLOQ7ENlq45hbjQqxAsLbysYF1oHyzafaPNlC7JuMQ==",
			"cpu": [
				"arm64"
			],
			"dev": true,
			"license": "MIT",
			"optional": true,
			"os": [
				"darwin"
			]
		},
		"node_modules/@crowdin/cli-darwin-x64": {
			"version": "5.0.2",
			"resolved": "https://registry.npmjs.org/@crowdin/cli-darwin-x64/-/cli-darwin-x64-5.0.2.tgz",
			"integrity": "sha512-0iBJLy+kn0W095lFlkPG0jE0uLamFGjSR15N9yW3Q+Yps1zJBVyIH9IpjvALZOEHX0w9l5DZdCWzDowD9GTSQg==",
			"cpu": [
				"x64"
			],
			"dev": true,
			"license": "MIT",
			"optional": true,
			"os": [
				"darwin"
			]
		},
		"node_modules/@crowdin/cli-linux-arm64": {
			"version": "5.0.2",
			"resolved": "https://registry.npmjs.org/@crowdin/cli-linux-arm64/-/cli-linux-arm64-5.0.2.tgz",
			"integrity": "sha512-8LPMdQqqdVrn5t1KWywv/ewmxslwvUKMaFLFlNj44DFwRyd34yCXM3J56HazepMhuXIBD8tx0W6WMt9axv4j5w==",
			"cpu": [
				"arm64"
			],
			"dev": true,
			"libc": [
				"glibc"
			],
			"license": "MIT",
			"optional": true,
			"os": [
				"linux"
			]
		},
		"node_modules/@crowdin/cli-linux-arm64-musl": {
			"version": "5.0.2",
			"resolved": "https://registry.npmjs.org/@crowdin/cli-linux-arm64-musl/-/cli-linux-arm64-musl-5.0.2.tgz",
			"integrity": "sha512-/cfHw6bvPgFCGdIhYyFltGSQt33vgYbK1gFZO3BVGpM4gxLj/7cHz6sU4IRw+vHvSIHanfqeyAZzVLpCsfQwiA==",
			"cpu": [
				"arm64"
			],
			"dev": true,
			"libc": [
				"musl"
			],
			"license": "MIT",
			"optional": true,
			"os": [
				"linux"
			]
		},
		"node_modules/@crowdin/cli-linux-x64": {
			"version": "5.0.2",
			"resolved": "https://registry.npmjs.org/@crowdin/cli-linux-x64/-/cli-linux-x64-5.0.2.tgz",
			"integrity": "sha512-Fk1abpG2a9tM+49NyZU6l1/OyooNz9ZPIrpsR4xWP/c6ui0rh1l2XjOtbPjvXh2dW3YWemeOqiatW2j+WFj/cg==",
			"cpu": [
				"x64"
			],
			"dev": true,
			"libc": [
				"glibc"
			],
			"license": "MIT",
			"optional": true,
			"os": [
				"linux"
			]
		},
		"node_modules/@crowdin/cli-linux-x64-musl": {
			"version": "5.0.2",
			"resolved": "https://registry.npmjs.org/@crowdin/cli-linux-x64-musl/-/cli-linux-x64-musl-5.0.2.tgz",
			"integrity": "sha512-0BwcXbcBvCqutHyegSUqdUfSSrkNSxaar4y4TZE3Kgfjcw2laiTeOK8CAWhWxk523Jj/3/6P45wById07g0qKQ==",
			"cpu": [
				"x64"
			],
			"dev": true,
			"libc": [
				"musl"
			],
			"license": "MIT",
			"optional": true,
			"os": [
				"linux"
			]
		},
		"node_modules/@crowdin/cli-win32-x64": {
			"version": "5.0.2",
			"resolved": "https://registry.npmjs.org/@crowdin/cli-win32-x64/-/cli-win32-x64-5.0.2.tgz",
			"integrity": "sha512-cMarWbzeJvJ6f0MNwRH2fEEKKUM8gQn+oEtCo2PQ3a3wXXMpOb1gRw96tthgYxaHIHISYxdYalNNITnswLGE/A==",
			"cpu": [
				"x64"
			],
			"dev": true,
			"license": "MIT",
			"optional": true,
			"os": [
				"win32"
			]
		},
		"node_modules/@formatjs/icu-messageformat-parser": {
			"version": "3.5.17",
			"resolved": "https://registry.npmjs.org/@formatjs/icu-messageformat-parser/-/icu-messageformat-parser-3.5.17.tgz",
			"integrity": "sha512-cN9jhVqT7u0K9tix43fhjoUwL0nazyW6zsNIXs2QdPADr+nurPfYyssUiMqcSCGlPcCiqnYVxgSn7zBSuI+5Bg==",
			"dev": true,
			"license": "MIT",
			"dependencies": {
				"@formatjs/icu-skeleton-parser": "2.1.11"
			}
		},
		"node_modules/@formatjs/icu-skeleton-parser": {
			"version": "2.1.11",
			"resolved": "https://registry.npmjs.org/@formatjs/icu-skeleton-parser/-/icu-skeleton-parser-2.1.11.tgz",
			"integrity": "sha512-j8cUmOJzVgkHuS0QiQ6ga76UIoLOFSAMWhs7aZJztH3aAdCOAE6vpC8KVvFB4cU10ON0y2/5oOVmPJ43s2lTwA==",
			"dev": true,
			"license": "MIT"
		}
	}
}
